
Microsoft Visual Studio Solution File, Format Version 12.00
# Visual Studio Version 16
VisualStudioVersion = 16.0.30114.105
MinimumVisualStudioVersion = 10.0.40219.1
Project("{2150E333-8FDC-42A3-9474-1A3956D46DE8}") = "sample", "sample", "{0FD12F75-99DC-4BF6-9234-B6A3934C7FFE}"
EndProject
Project("{F2A71F9B-5D33-465A-A702-920D77279786}") = "App", "sample\src\App.fsproj", "{C50BD445-4E9A-42C4-BBFE-A8C049CF1BE6}"
EndProject
Project("{2150E333-8FDC-42A3-9474-1A3956D46DE8}") = "src", "src", "{E85476AE-EA13-4ABF-916A-E0B6417E06DD}"
EndProject
Project("{F2A71F9B-5D33-465A-A702-920D77279786}") = "Fable.HauntedPlugins", "src\Fable.HauntedPlugins\Fable.HauntedPlugins.fsproj", "{0A00C144-AFD9-4495-8926-ADA547090AB9}"
EndProject
Project("{F2A71F9B-5D33-465A-A702-920D77279786}") = "Fable.Haunted", "src\Fable.Haunted\Fable.Haunted.fsproj", "{64DD4E09-A82F-47B4-A423-896B87F07D1F}"
EndProject
Global
	GlobalSection(SolutionConfigurationPlatforms) = preSolution
		Debug|Any CPU = Debug|Any CPU
		Release|Any CPU = Release|Any CPU
	EndGlobalSection
	GlobalSection(SolutionProperties) = preSolution
		HideSolutionNode = FALSE
	EndGlobalSection
	GlobalSection(ProjectConfigurationPlatforms) = postSolution
		{C50BD445-4E9A-42C4-BBFE-A8C049CF1BE6}.Debug|Any CPU.ActiveCfg = Debug|Any CPU
		{C50BD445-4E9A-42C4-BBFE-A8C049CF1BE6}.Debug|Any CPU.Build.0 = Debug|Any CPU
		{C50BD445-4E9A-42C4-BBFE-A8C049CF1BE6}.Release|Any CPU.ActiveCfg = Release|Any CPU
		{C50BD445-4E9A-42C4-BBFE-A8C049CF1BE6}.Release|Any CPU.Build.0 = Release|Any CPU
		{0A00C144-AFD9-4495-8926-ADA547090AB9}.Debug|Any CPU.ActiveCfg = Debug|Any CPU
		{0A00C144-AFD9-4495-8926-ADA547090AB9}.Debug|Any CPU.Build.0 = Debug|Any CPU
		{0A00C144-AFD9-4495-8926-ADA547090AB9}.Release|Any CPU.ActiveCfg = Release|Any CPU
		{0A00C144-AFD9-4495-8926-ADA547090AB9}.Release|Any CPU.Build.0 = Release|Any CPU
		{64DD4E09-A82F-47B4-A423-896B87F07D1F}.Debug|Any CPU.ActiveCfg = Debug|Any CPU
		{64DD4E09-A82F-47B4-A423-896B87F07D1F}.Debug|Any CPU.Build.0 = Debug|Any CPU
		{64DD4E09-A82F-47B4-A423-896B87F07D1F}.Release|Any CPU.ActiveCfg = Release|Any CPU
		{64DD4E09-A82F-47B4-A423-896B87F07D1F}.Release|Any CPU.Build.0 = Release|Any CPU
	EndGlobalSection
	GlobalSection(NestedProjects) = preSolution
		{C50BD445-4E9A-42C4-BBFE-A8C049CF1BE6} = {0FD12F75-99DC-4BF6-9234-B6A3934C7FFE}
		{0A00C144-AFD9-4495-8926-ADA547090AB9} = {E85476AE-EA13-4ABF-916A-E0B6417E06DD}
		{64DD4E09-A82F-47B4-A423-896B87F07D1F} = {E85476AE-EA13-4ABF-916A-E0B6417E06DD}
	EndGlobalSection
EndGlobal
