lockfileVersion: 5.3

specifiers:
  haunted: ^4.8.2
  lit-html: ^1.4.1

dependencies:
  haunted: 4.8.2
  lit-html: 1.4.1

packages:

  /@lit/reactive-element/1.0.0-rc.3:
    resolution: {integrity: sha512-Rs2px1keOQUNJUo5B+WExl5v244ZNCiN/iMVNO9evFdJjAdWCIupR/p14zRPkNHsciRBELLTcOZ379cI9O6PDg==}
    dev: false

  /haunted/4.8.2:
    resolution: {integrity: sha512-+auNzzp1AjzZblPrY3oV8PuTGAcK6I9ExBfFnhR+6HINVFeM7BR+jPDAKxa7NF22RBbu5McBhbp+t0zO0rqrqQ==}
    dependencies:
      '@lit/reactive-element': 1.0.0-rc.3
      lit-html: 1.4.1
    dev: false

  /lit-html/1.4.1:
    resolution: {integrity: sha512-B9btcSgPYb1q4oSOb/PrOT6Z/H+r6xuNzfH4lFli/AWhYwdtrgQkQWBbIc6mdnf6E2IL3gDXdkkqNktpU0OZQA==}
    dev: false
